{
  "version": 4,
  "terraform_version": "1.9.8",
  "serial": 8,
  "lineage": "b33647c3-2c53-3956-b7f4-40e2b20774b8",
  "outputs": {},
  "resources": [
    {
      "mode": "data",
      "type": "azurerm_client_config",
      "name": "current",
      "provider": "provider[\"registry.terraform.io/hashicorp/azurerm\"]",
      "instances": [
        {
          "schema_version": 0,
          "attributes": {
            "client_id": "04b07795-8ddb-461a-bbee-02f9e1bf7b46",
            "id": "Y2xpZW50Q29uZmlncy9jbGllbnRJZD0wNGIwNzc5NS04ZGRiLTQ2MWEtYmJlZS0wMmY5ZTFiZjdiNDY7b2JqZWN0SWQ9OGNkODI3MWMtZTJmNi00NTNjLTg2ZDYtN2Q5NDBhNWExMjUzO3N1YnNjcmlwdGlvbklkPTE4MmI1N2Y2LThmYzItNDU4MC1hZmJjLWJlMDlhNzljMDk3Yzt0ZW5hbnRJZD1kNDNkOTEzYi1iMDhiLTRjNTYtOTQ0Ni05YTQ1M2Y1ZjUyYmU=",
            "object_id": "8cd8271c-e2f6-453c-86d6-7d940a5a1253",
            "subscription_id": "182b57f6-8fc2-4580-afbc-be09a79c097c",
            "tenant_id": "d43d913b-b08b-4c56-9446-9a453f5f52be",
            "timeouts": null
          },
          "sensitive_attributes": []
        }
      ]
    },
    {
      "mode": "data",
      "type": "azurerm_subscription",
      "name": "sub",
      "provider": "provider[\"registry.terraform.io/hashicorp/azurerm\"]",
      "instances": [
        {
          "schema_version": 0,
          "attributes": {
            "display_name": "Free Trial",
            "id": "/subscriptions/182b57f6-8fc2-4580-afbc-be09a79c097c",
            "location_placement_id": "Public_2014-09-01",
            "quota_id": "FreeTrial_2014-09-01",
            "spending_limit": "On",
            "state": "Enabled",
            "subscription_id": "182b57f6-8fc2-4580-afbc-be09a79c097c",
            "tags": {},
            "tenant_id": "d43d913b-b08b-4c56-9446-9a453f5f52be",
            "timeouts": null
          },
          "sensitive_attributes": []
        }
      ]
    },
    {
      "module": "module.gh_federated_credential",
      "mode": "managed",
      "type": "azurerm_federated_identity_credential",
      "name": "cred",
      "provider": "provider[\"registry.terraform.io/hashicorp/azurerm\"]",
      "instances": [
        {
          "schema_version": 0,
          "attributes": {
            "audience": [
              "api://AzureADTokenExchange"
            ],
            "id": "/subscriptions/182b57f6-8fc2-4580-afbc-be09a79c097c/resourceGroups/uaid_rg/providers/Microsoft.ManagedIdentity/userAssignedIdentities/ghuaid-dev/federatedIdentityCredentials/mpfomindev-akstest-dev",
            "issuer": "https://token.actions.githubusercontent.com",
            "name": "mpfomindev-akstest-dev",
            "parent_id": "/subscriptions/182b57f6-8fc2-4580-afbc-be09a79c097c/resourceGroups/uaid_rg/providers/Microsoft.ManagedIdentity/userAssignedIdentities/ghuaid-dev",
            "resource_group_name": "uaid_rg",
            "subject": "repo:mpfomindev/akstest:environment:dev",
            "timeouts": null
          },
          "sensitive_attributes": [],
          "private": "eyJlMmJmYjczMC1lY2FhLTExZTYtOGY4OC0zNDM2M2JjN2M0YzAiOnsiY3JlYXRlIjoxODAwMDAwMDAwMDAwLCJkZWxldGUiOjE4MDAwMDAwMDAwMDAsInJlYWQiOjMwMDAwMDAwMDAwMCwidXBkYXRlIjoxODAwMDAwMDAwMDAwfX0=",
          "dependencies": [
            "module.gh_usi.azurerm_user_assigned_identity.msi",
            "module.identity-resource-group.azurerm_resource_group.rg"
          ]
        }
      ]
    },
    {
      "module": "module.gh_federated_credential-pr",
      "mode": "managed",
      "type": "azurerm_federated_identity_credential",
      "name": "cred",
      "provider": "provider[\"registry.terraform.io/hashicorp/azurerm\"]",
      "instances": [
        {
          "schema_version": 0,
          "attributes": {
            "audience": [
              "api://AzureADTokenExchange"
            ],
            "id": "/subscriptions/182b57f6-8fc2-4580-afbc-be09a79c097c/resourceGroups/uaid_rg/providers/Microsoft.ManagedIdentity/userAssignedIdentities/ghuaid-dev/federatedIdentityCredentials/mpfomindev-akstest-pr",
            "issuer": "https://token.actions.githubusercontent.com",
            "name": "mpfomindev-akstest-pr",
            "parent_id": "/subscriptions/182b57f6-8fc2-4580-afbc-be09a79c097c/resourceGroups/uaid_rg/providers/Microsoft.ManagedIdentity/userAssignedIdentities/ghuaid-dev",
            "resource_group_name": "uaid_rg",
            "subject": "repo:mpfomindev/akstest:pull_request",
            "timeouts": null
          },
          "sensitive_attributes": [],
          "private": "eyJlMmJmYjczMC1lY2FhLTExZTYtOGY4OC0zNDM2M2JjN2M0YzAiOnsiY3JlYXRlIjoxODAwMDAwMDAwMDAwLCJkZWxldGUiOjE4MDAwMDAwMDAwMDAsInJlYWQiOjMwMDAwMDAwMDAwMCwidXBkYXRlIjoxODAwMDAwMDAwMDAwfX0=",
          "dependencies": [
            "module.gh_usi.azurerm_user_assigned_identity.msi",
            "module.identity-resource-group.azurerm_resource_group.rg"
          ]
        }
      ]
    },
    {
      "module": "module.gh_usi",
      "mode": "managed",
      "type": "azurerm_user_assigned_identity",
      "name": "msi",
      "provider": "provider[\"registry.terraform.io/hashicorp/azurerm\"]",
      "instances": [
        {
          "schema_version": 1,
          "attributes": {
            "client_id": "f7cd1331-e287-4886-9a65-bb9de5ec7d02",
            "id": "/subscriptions/182b57f6-8fc2-4580-afbc-be09a79c097c/resourceGroups/uaid_rg/providers/Microsoft.ManagedIdentity/userAssignedIdentities/ghuaid-dev",
            "location": "centralus",
            "name": "ghuaid-dev",
            "principal_id": "dea26ad8-b6ac-4b17-8c93-43d05a78c810",
            "resource_group_name": "uaid_rg",
            "tags": {
              "environment": "dev",
              "owner": "mofo"
            },
            "tenant_id": "d43d913b-b08b-4c56-9446-9a453f5f52be",
            "timeouts": null
          },
          "sensitive_attributes": [],
          "private": "eyJlMmJmYjczMC1lY2FhLTExZTYtOGY4OC0zNDM2M2JjN2M0YzAiOnsiY3JlYXRlIjoxODAwMDAwMDAwMDAwLCJkZWxldGUiOjE4MDAwMDAwMDAwMDAsInJlYWQiOjMwMDAwMDAwMDAwMCwidXBkYXRlIjoxODAwMDAwMDAwMDAwfSwic2NoZW1hX3ZlcnNpb24iOiIxIn0=",
          "dependencies": [
            "module.identity-resource-group.azurerm_resource_group.rg"
          ]
        }
      ]
    },
    {
      "module": "module.identity-resource-group",
      "mode": "managed",
      "type": "azurerm_resource_group",
      "name": "rg",
      "provider": "provider[\"registry.terraform.io/hashicorp/azurerm\"]",
      "instances": [
        {
          "schema_version": 0,
          "attributes": {
            "id": "/subscriptions/182b57f6-8fc2-4580-afbc-be09a79c097c/resourceGroups/uaid_rg",
            "location": "centralus",
            "managed_by": "",
            "name": "uaid_rg",
            "tags": {
              "environment": "dev",
              "owner": "mofo"
            },
            "timeouts": null
          },
          "sensitive_attributes": [],
          "private": "eyJlMmJmYjczMC1lY2FhLTExZTYtOGY4OC0zNDM2M2JjN2M0YzAiOnsiY3JlYXRlIjo1NDAwMDAwMDAwMDAwLCJkZWxldGUiOjU0MDAwMDAwMDAwMDAsInJlYWQiOjMwMDAwMDAwMDAwMCwidXBkYXRlIjo1NDAwMDAwMDAwMDAwfX0="
        }
      ]
    },
    {
      "module": "module.sub_owner_role_assignment",
      "mode": "managed",
      "type": "azurerm_role_assignment",
      "name": "role",
      "provider": "provider[\"registry.terraform.io/hashicorp/azurerm\"]",
      "instances": [
        {
          "schema_version": 0,
          "attributes": {
            "condition": "",
            "condition_version": "",
            "delegated_managed_identity_resource_id": "",
            "description": "",
            "id": "/subscriptions/182b57f6-8fc2-4580-afbc-be09a79c097c/providers/Microsoft.Authorization/roleAssignments/569ba413-c5dc-8129-48eb-4287c9dfb412",
            "name": "569ba413-c5dc-8129-48eb-4287c9dfb412",
            "principal_id": "dea26ad8-b6ac-4b17-8c93-43d05a78c810",
            "principal_type": "ServicePrincipal",
            "role_definition_id": "/subscriptions/182b57f6-8fc2-4580-afbc-be09a79c097c/providers/Microsoft.Authorization/roleDefinitions/8e3af657-a8ff-443c-a75c-2fe8c4bcb635",
            "role_definition_name": "Owner",
            "scope": "/subscriptions/182b57f6-8fc2-4580-afbc-be09a79c097c",
            "skip_service_principal_aad_check": null,
            "timeouts": null
          },
          "sensitive_attributes": [],
          "private": "eyJlMmJmYjczMC1lY2FhLTExZTYtOGY4OC0zNDM2M2JjN2M0YzAiOnsiY3JlYXRlIjoxODAwMDAwMDAwMDAwLCJkZWxldGUiOjE4MDAwMDAwMDAwMDAsInJlYWQiOjMwMDAwMDAwMDAwMH19",
          "dependencies": [
            "data.azurerm_subscription.sub",
            "module.gh_usi.azurerm_user_assigned_identity.msi",
            "module.identity-resource-group.azurerm_resource_group.rg"
          ]
        }
      ]
    },
    {
      "module": "module.tf-resource-group",
      "mode": "managed",
      "type": "azurerm_resource_group",
      "name": "rg",
      "provider": "provider[\"registry.terraform.io/hashicorp/azurerm\"]",
      "instances": [
        {
          "schema_version": 0,
          "attributes": {
            "id": "/subscriptions/182b57f6-8fc2-4580-afbc-be09a79c097c/resourceGroups/tfstate_rg",
            "location": "centralus",
            "managed_by": "",
            "name": "tfstate_rg",
            "tags": {
              "environment": "dev",
              "owner": "mofo"
            },
            "timeouts": null
          },
          "sensitive_attributes": [],
          "private": "eyJlMmJmYjczMC1lY2FhLTExZTYtOGY4OC0zNDM2M2JjN2M0YzAiOnsiY3JlYXRlIjo1NDAwMDAwMDAwMDAwLCJkZWxldGUiOjU0MDAwMDAwMDAwMDAsInJlYWQiOjMwMDAwMDAwMDAwMCwidXBkYXRlIjo1NDAwMDAwMDAwMDAwfX0="
        }
      ]
    }
  ],
  "check_results": null
}
