{
  "version": 4,
  "terraform_version": "1.9.8",
  "serial": 13,
  "lineage": "b33647c3-2c53-3956-b7f4-40e2b20774b8",
  "outputs": {},
  "resources": [
    {
      "mode": "data",
      "type": "azurerm_client_config",
      "name": "current",
      "provider": "provider[\"registry.terraform.io/hashicorp/azurerm\"]",
      "instances": [
        {
          "schema_version": 0,
          "attributes": {
            "client_id": "04b07795-8ddb-461a-bbee-02f9e1bf7b46",
            "id": "Y2xpZW50Q29uZmlncy9jbGllbnRJZD0wNGIwNzc5NS04ZGRiLTQ2MWEtYmJlZS0wMmY5ZTFiZjdiNDY7b2JqZWN0SWQ9OGNkODI3MWMtZTJmNi00NTNjLTg2ZDYtN2Q5NDBhNWExMjUzO3N1YnNjcmlwdGlvbklkPTE4MmI1N2Y2LThmYzItNDU4MC1hZmJjLWJlMDlhNzljMDk3Yzt0ZW5hbnRJZD1kNDNkOTEzYi1iMDhiLTRjNTYtOTQ0Ni05YTQ1M2Y1ZjUyYmU=",
            "object_id": "8cd8271c-e2f6-453c-86d6-7d940a5a1253",
            "subscription_id": "182b57f6-8fc2-4580-afbc-be09a79c097c",
            "tenant_id": "d43d913b-b08b-4c56-9446-9a453f5f52be",
            "timeouts": null
          },
          "sensitive_attributes": []
        }
      ]
    },
    {
      "mode": "data",
      "type": "azurerm_subscription",
      "name": "sub",
      "provider": "provider[\"registry.terraform.io/hashicorp/azurerm\"]",
      "instances": [
        {
          "schema_version": 0,
          "attributes": {
            "display_name": "Free Trial",
            "id": "/subscriptions/182b57f6-8fc2-4580-afbc-be09a79c097c",
            "location_placement_id": "Public_2014-09-01",
            "quota_id": "FreeTrial_2014-09-01",
            "spending_limit": "On",
            "state": "Enabled",
            "subscription_id": "182b57f6-8fc2-4580-afbc-be09a79c097c",
            "tags": {},
            "tenant_id": "d43d913b-b08b-4c56-9446-9a453f5f52be",
            "timeouts": null
          },
          "sensitive_attributes": []
        }
      ]
    },
    {
      "module": "module.gh_federated_credential",
      "mode": "managed",
      "type": "azurerm_federated_identity_credential",
      "name": "cred",
      "provider": "provider[\"registry.terraform.io/hashicorp/azurerm\"]",
      "instances": [
        {
          "schema_version": 0,
          "attributes": {
            "audience": [
              "api://AzureADTokenExchange"
            ],
            "id": "/subscriptions/182b57f6-8fc2-4580-afbc-be09a79c097c/resourceGroups/uaid_rg/providers/Microsoft.ManagedIdentity/userAssignedIdentities/ghuaid-dev/federatedIdentityCredentials/mpfomindev-akstest-dev",
            "issuer": "https://token.actions.githubusercontent.com",
            "name": "mpfomindev-akstest-dev",
            "parent_id": "/subscriptions/182b57f6-8fc2-4580-afbc-be09a79c097c/resourceGroups/uaid_rg/providers/Microsoft.ManagedIdentity/userAssignedIdentities/ghuaid-dev",
            "resource_group_name": "uaid_rg",
            "subject": "repo:mpfomindev/akstest:environment:dev",
            "timeouts": null
          },
          "sensitive_attributes": [],
          "private": "eyJlMmJmYjczMC1lY2FhLTExZTYtOGY4OC0zNDM2M2JjN2M0YzAiOnsiY3JlYXRlIjoxODAwMDAwMDAwMDAwLCJkZWxldGUiOjE4MDAwMDAwMDAwMDAsInJlYWQiOjMwMDAwMDAwMDAwMCwidXBkYXRlIjoxODAwMDAwMDAwMDAwfX0=",
          "dependencies": [
            "module.gh_usi.azurerm_user_assigned_identity.msi",
            "module.identity-resource-group.azurerm_resource_group.rg"
          ]
        }
      ]
    },
    {
      "module": "module.gh_federated_credential-pr",
      "mode": "managed",
      "type": "azurerm_federated_identity_credential",
      "name": "cred",
      "provider": "provider[\"registry.terraform.io/hashicorp/azurerm\"]",
      "instances": [
        {
          "schema_version": 0,
          "attributes": {
            "audience": [
              "api://AzureADTokenExchange"
            ],
            "id": "/subscriptions/182b57f6-8fc2-4580-afbc-be09a79c097c/resourceGroups/uaid_rg/providers/Microsoft.ManagedIdentity/userAssignedIdentities/ghuaid-dev/federatedIdentityCredentials/mpfomindev-akstest-pr",
            "issuer": "https://token.actions.githubusercontent.com",
            "name": "mpfomindev-akstest-pr",
            "parent_id": "/subscriptions/182b57f6-8fc2-4580-afbc-be09a79c097c/resourceGroups/uaid_rg/providers/Microsoft.ManagedIdentity/userAssignedIdentities/ghuaid-dev",
            "resource_group_name": "uaid_rg",
            "subject": "repo:mpfomindev/akstest:pull_request",
            "timeouts": null
          },
          "sensitive_attributes": [],
          "private": "eyJlMmJmYjczMC1lY2FhLTExZTYtOGY4OC0zNDM2M2JjN2M0YzAiOnsiY3JlYXRlIjoxODAwMDAwMDAwMDAwLCJkZWxldGUiOjE4MDAwMDAwMDAwMDAsInJlYWQiOjMwMDAwMDAwMDAwMCwidXBkYXRlIjoxODAwMDAwMDAwMDAwfX0=",
          "dependencies": [
            "module.gh_usi.azurerm_user_assigned_identity.msi",
            "module.identity-resource-group.azurerm_resource_group.rg"
          ]
        }
      ]
    },
    {
      "module": "module.gh_usi",
      "mode": "managed",
      "type": "azurerm_user_assigned_identity",
      "name": "msi",
      "provider": "provider[\"registry.terraform.io/hashicorp/azurerm\"]",
      "instances": [
        {
          "schema_version": 1,
          "attributes": {
            "client_id": "f7cd1331-e287-4886-9a65-bb9de5ec7d02",
            "id": "/subscriptions/182b57f6-8fc2-4580-afbc-be09a79c097c/resourceGroups/uaid_rg/providers/Microsoft.ManagedIdentity/userAssignedIdentities/ghuaid-dev",
            "location": "centralus",
            "name": "ghuaid-dev",
            "principal_id": "dea26ad8-b6ac-4b17-8c93-43d05a78c810",
            "resource_group_name": "uaid_rg",
            "tags": {
              "environment": "dev",
              "owner": "mofo"
            },
            "tenant_id": "d43d913b-b08b-4c56-9446-9a453f5f52be",
            "timeouts": null
          },
          "sensitive_attributes": [],
          "private": "eyJlMmJmYjczMC1lY2FhLTExZTYtOGY4OC0zNDM2M2JjN2M0YzAiOnsiY3JlYXRlIjoxODAwMDAwMDAwMDAwLCJkZWxldGUiOjE4MDAwMDAwMDAwMDAsInJlYWQiOjMwMDAwMDAwMDAwMCwidXBkYXRlIjoxODAwMDAwMDAwMDAwfSwic2NoZW1hX3ZlcnNpb24iOiIxIn0=",
          "dependencies": [
            "module.identity-resource-group.azurerm_resource_group.rg"
          ]
        }
      ]
    },
    {
      "module": "module.identity-resource-group",
      "mode": "managed",
      "type": "azurerm_resource_group",
      "name": "rg",
      "provider": "provider[\"registry.terraform.io/hashicorp/azurerm\"]",
      "instances": [
        {
          "schema_version": 0,
          "attributes": {
            "id": "/subscriptions/182b57f6-8fc2-4580-afbc-be09a79c097c/resourceGroups/uaid_rg",
            "location": "centralus",
            "managed_by": "",
            "name": "uaid_rg",
            "tags": {
              "environment": "dev",
              "owner": "mofo"
            },
            "timeouts": null
          },
          "sensitive_attributes": [],
          "private": "eyJlMmJmYjczMC1lY2FhLTExZTYtOGY4OC0zNDM2M2JjN2M0YzAiOnsiY3JlYXRlIjo1NDAwMDAwMDAwMDAwLCJkZWxldGUiOjU0MDAwMDAwMDAwMDAsInJlYWQiOjMwMDAwMDAwMDAwMCwidXBkYXRlIjo1NDAwMDAwMDAwMDAwfX0="
        }
      ]
    },
    {
      "module": "module.sub_owner_role_assignment",
      "mode": "managed",
      "type": "azurerm_role_assignment",
      "name": "role",
      "provider": "provider[\"registry.terraform.io/hashicorp/azurerm\"]",
      "instances": [
        {
          "schema_version": 0,
          "attributes": {
            "condition": "",
            "condition_version": "",
            "delegated_managed_identity_resource_id": "",
            "description": "",
            "id": "/subscriptions/182b57f6-8fc2-4580-afbc-be09a79c097c/providers/Microsoft.Authorization/roleAssignments/569ba413-c5dc-8129-48eb-4287c9dfb412",
            "name": "569ba413-c5dc-8129-48eb-4287c9dfb412",
            "principal_id": "dea26ad8-b6ac-4b17-8c93-43d05a78c810",
            "principal_type": "ServicePrincipal",
            "role_definition_id": "/subscriptions/182b57f6-8fc2-4580-afbc-be09a79c097c/providers/Microsoft.Authorization/roleDefinitions/8e3af657-a8ff-443c-a75c-2fe8c4bcb635",
            "role_definition_name": "Owner",
            "scope": "/subscriptions/182b57f6-8fc2-4580-afbc-be09a79c097c",
            "skip_service_principal_aad_check": null,
            "timeouts": null
          },
          "sensitive_attributes": [],
          "private": "eyJlMmJmYjczMC1lY2FhLTExZTYtOGY4OC0zNDM2M2JjN2M0YzAiOnsiY3JlYXRlIjoxODAwMDAwMDAwMDAwLCJkZWxldGUiOjE4MDAwMDAwMDAwMDAsInJlYWQiOjMwMDAwMDAwMDAwMH19",
          "dependencies": [
            "data.azurerm_subscription.sub",
            "module.gh_usi.azurerm_user_assigned_identity.msi",
            "module.identity-resource-group.azurerm_resource_group.rg"
          ]
        }
      ]
    },
    {
      "module": "module.tf-resource-group",
      "mode": "managed",
      "type": "azurerm_resource_group",
      "name": "rg",
      "provider": "provider[\"registry.terraform.io/hashicorp/azurerm\"]",
      "instances": [
        {
          "schema_version": 0,
          "attributes": {
            "id": "/subscriptions/182b57f6-8fc2-4580-afbc-be09a79c097c/resourceGroups/tfstate_rg",
            "location": "centralus",
            "managed_by": "",
            "name": "tfstate_rg",
            "tags": {
              "environment": "dev",
              "owner": "mofo"
            },
            "timeouts": null
          },
          "sensitive_attributes": [],
          "private": "eyJlMmJmYjczMC1lY2FhLTExZTYtOGY4OC0zNDM2M2JjN2M0YzAiOnsiY3JlYXRlIjo1NDAwMDAwMDAwMDAwLCJkZWxldGUiOjU0MDAwMDAwMDAwMDAsInJlYWQiOjMwMDAwMDAwMDAwMCwidXBkYXRlIjo1NDAwMDAwMDAwMDAwfX0="
        }
      ]
    },
    {
      "module": "module.tf-state-storage",
      "mode": "managed",
      "type": "azurerm_storage_account",
      "name": "account",
      "provider": "provider[\"registry.terraform.io/hashicorp/azurerm\"]",
      "instances": [
        {
          "schema_version": 4,
          "attributes": {
            "access_tier": "Hot",
            "account_kind": "StorageV2",
            "account_replication_type": "GRS",
            "account_tier": "Standard",
            "allow_nested_items_to_be_public": true,
            "allowed_copy_scope": "",
            "azure_files_authentication": [],
            "blob_properties": [
              {
                "change_feed_enabled": false,
                "change_feed_retention_in_days": 0,
                "container_delete_retention_policy": [],
                "cors_rule": [],
                "default_service_version": "",
                "delete_retention_policy": [],
                "last_access_time_enabled": false,
                "restore_policy": [],
                "versioning_enabled": false
              }
            ],
            "cross_tenant_replication_enabled": true,
            "custom_domain": [],
            "customer_managed_key": [],
            "default_to_oauth_authentication": false,
            "dns_endpoint_type": "Standard",
            "edge_zone": "",
            "enable_https_traffic_only": true,
            "https_traffic_only_enabled": true,
            "id": "/subscriptions/182b57f6-8fc2-4580-afbc-be09a79c097c/resourceGroups/tfstate_rg/providers/Microsoft.Storage/storageAccounts/aksdevtfstatemf",
            "identity": [],
            "immutability_policy": [],
            "infrastructure_encryption_enabled": false,
            "is_hns_enabled": false,
            "large_file_share_enabled": false,
            "local_user_enabled": true,
            "location": "centralus",
            "min_tls_version": "TLS1_2",
            "name": "aksdevtfstatemf",
            "network_rules": [],
            "nfsv3_enabled": false,
            "primary_access_key": "3TbP8roInT+qi3Yu6ukGiQ+E6PLBZ8xDogG50P5JXKOz7n/+RvScPjxltJouQYm7br2/Od8nKyfk+AStmKKjsw==",
            "primary_blob_connection_string": "DefaultEndpointsProtocol=https;BlobEndpoint=https://aksdevtfstatemf.blob.core.windows.net/;AccountName=aksdevtfstatemf;AccountKey=3TbP8roInT+qi3Yu6ukGiQ+E6PLBZ8xDogG50P5JXKOz7n/+RvScPjxltJouQYm7br2/Od8nKyfk+AStmKKjsw==",
            "primary_blob_endpoint": "https://aksdevtfstatemf.blob.core.windows.net/",
            "primary_blob_host": "aksdevtfstatemf.blob.core.windows.net",
            "primary_blob_internet_endpoint": "",
            "primary_blob_internet_host": "",
            "primary_blob_microsoft_endpoint": "",
            "primary_blob_microsoft_host": "",
            "primary_connection_string": "DefaultEndpointsProtocol=https;AccountName=aksdevtfstatemf;AccountKey=3TbP8roInT+qi3Yu6ukGiQ+E6PLBZ8xDogG50P5JXKOz7n/+RvScPjxltJouQYm7br2/Od8nKyfk+AStmKKjsw==;EndpointSuffix=core.windows.net",
            "primary_dfs_endpoint": "https://aksdevtfstatemf.dfs.core.windows.net/",
            "primary_dfs_host": "aksdevtfstatemf.dfs.core.windows.net",
            "primary_dfs_internet_endpoint": "",
            "primary_dfs_internet_host": "",
            "primary_dfs_microsoft_endpoint": "",
            "primary_dfs_microsoft_host": "",
            "primary_file_endpoint": "https://aksdevtfstatemf.file.core.windows.net/",
            "primary_file_host": "aksdevtfstatemf.file.core.windows.net",
            "primary_file_internet_endpoint": "",
            "primary_file_internet_host": "",
            "primary_file_microsoft_endpoint": "",
            "primary_file_microsoft_host": "",
            "primary_location": "centralus",
            "primary_queue_endpoint": "https://aksdevtfstatemf.queue.core.windows.net/",
            "primary_queue_host": "aksdevtfstatemf.queue.core.windows.net",
            "primary_queue_microsoft_endpoint": "",
            "primary_queue_microsoft_host": "",
            "primary_table_endpoint": "https://aksdevtfstatemf.table.core.windows.net/",
            "primary_table_host": "aksdevtfstatemf.table.core.windows.net",
            "primary_table_microsoft_endpoint": "",
            "primary_table_microsoft_host": "",
            "primary_web_endpoint": "https://aksdevtfstatemf.z19.web.core.windows.net/",
            "primary_web_host": "aksdevtfstatemf.z19.web.core.windows.net",
            "primary_web_internet_endpoint": "",
            "primary_web_internet_host": "",
            "primary_web_microsoft_endpoint": "",
            "primary_web_microsoft_host": "",
            "public_network_access_enabled": true,
            "queue_encryption_key_type": "Service",
            "queue_properties": [
              {
                "cors_rule": [],
                "hour_metrics": [
                  {
                    "enabled": true,
                    "include_apis": true,
                    "retention_policy_days": 7,
                    "version": "1.0"
                  }
                ],
                "logging": [
                  {
                    "delete": false,
                    "read": false,
                    "retention_policy_days": 0,
                    "version": "1.0",
                    "write": false
                  }
                ],
                "minute_metrics": [
                  {
                    "enabled": false,
                    "include_apis": false,
                    "retention_policy_days": 0,
                    "version": "1.0"
                  }
                ]
              }
            ],
            "resource_group_name": "tfstate_rg",
            "routing": [],
            "sas_policy": [],
            "secondary_access_key": "aqFiC30ztPeUInNARRvVOece/EXMePZt+xVPquJZt3p7vWTKW8Kah9Ig9w7Ff1EO14+hJZ1mVfzA+ASt3dWxtw==",
            "secondary_blob_connection_string": "",
            "secondary_blob_endpoint": "",
            "secondary_blob_host": "",
            "secondary_blob_internet_endpoint": "",
            "secondary_blob_internet_host": "",
            "secondary_blob_microsoft_endpoint": "",
            "secondary_blob_microsoft_host": "",
            "secondary_connection_string": "DefaultEndpointsProtocol=https;AccountName=aksdevtfstatemf;AccountKey=aqFiC30ztPeUInNARRvVOece/EXMePZt+xVPquJZt3p7vWTKW8Kah9Ig9w7Ff1EO14+hJZ1mVfzA+ASt3dWxtw==;EndpointSuffix=core.windows.net",
            "secondary_dfs_endpoint": "",
            "secondary_dfs_host": "",
            "secondary_dfs_internet_endpoint": "",
            "secondary_dfs_internet_host": "",
            "secondary_dfs_microsoft_endpoint": "",
            "secondary_dfs_microsoft_host": "",
            "secondary_file_endpoint": "",
            "secondary_file_host": "",
            "secondary_file_internet_endpoint": "",
            "secondary_file_internet_host": "",
            "secondary_file_microsoft_endpoint": "",
            "secondary_file_microsoft_host": "",
            "secondary_location": "eastus2",
            "secondary_queue_endpoint": "",
            "secondary_queue_host": "",
            "secondary_queue_microsoft_endpoint": "",
            "secondary_queue_microsoft_host": "",
            "secondary_table_endpoint": "",
            "secondary_table_host": "",
            "secondary_table_microsoft_endpoint": "",
            "secondary_table_microsoft_host": "",
            "secondary_web_endpoint": "",
            "secondary_web_host": "",
            "secondary_web_internet_endpoint": "",
            "secondary_web_internet_host": "",
            "secondary_web_microsoft_endpoint": "",
            "secondary_web_microsoft_host": "",
            "sftp_enabled": false,
            "share_properties": [
              {
                "cors_rule": [],
                "retention_policy": [
                  {
                    "days": 7
                  }
                ],
                "smb": []
              }
            ],
            "shared_access_key_enabled": true,
            "static_website": [],
            "table_encryption_key_type": "Service",
            "tags": {
              "environment": "dev",
              "owner": "mofo"
            },
            "timeouts": null
          },
          "sensitive_attributes": [
            [
              {
                "type": "get_attr",
                "value": "primary_blob_connection_string"
              }
            ],
            [
              {
                "type": "get_attr",
                "value": "secondary_connection_string"
              }
            ],
            [
              {
                "type": "get_attr",
                "value": "secondary_access_key"
              }
            ],
            [
              {
                "type": "get_attr",
                "value": "secondary_blob_connection_string"
              }
            ],
            [
              {
                "type": "get_attr",
                "value": "primary_access_key"
              }
            ],
            [
              {
                "type": "get_attr",
                "value": "primary_connection_string"
              }
            ]
          ],
          "private": "eyJlMmJmYjczMC1lY2FhLTExZTYtOGY4OC0zNDM2M2JjN2M0YzAiOnsiY3JlYXRlIjozNjAwMDAwMDAwMDAwLCJkZWxldGUiOjM2MDAwMDAwMDAwMDAsInJlYWQiOjMwMDAwMDAwMDAwMCwidXBkYXRlIjozNjAwMDAwMDAwMDAwfSwic2NoZW1hX3ZlcnNpb24iOiI0In0=",
          "dependencies": [
            "module.tf-resource-group.azurerm_resource_group.rg"
          ]
        }
      ]
    },
    {
      "module": "module.tf-state-storage",
      "mode": "managed",
      "type": "azurerm_storage_container",
      "name": "automatic_container",
      "provider": "provider[\"registry.terraform.io/hashicorp/azurerm\"]",
      "instances": [
        {
          "schema_version": 1,
          "attributes": {
            "container_access_type": "private",
            "default_encryption_scope": "$account-encryption-key",
            "encryption_scope_override_enabled": true,
            "has_immutability_policy": false,
            "has_legal_hold": false,
            "id": "https://aksdevtfstatemf.blob.core.windows.net/aksstoragecont",
            "metadata": {},
            "name": "aksstoragecont",
            "resource_manager_id": "/subscriptions/182b57f6-8fc2-4580-afbc-be09a79c097c/resourceGroups/tfstate_rg/providers/Microsoft.Storage/storageAccounts/aksdevtfstatemf/blobServices/default/containers/aksstoragecont",
            "storage_account_name": "aksdevtfstatemf",
            "timeouts": null
          },
          "sensitive_attributes": [],
          "private": "eyJlMmJmYjczMC1lY2FhLTExZTYtOGY4OC0zNDM2M2JjN2M0YzAiOnsiY3JlYXRlIjoxODAwMDAwMDAwMDAwLCJkZWxldGUiOjE4MDAwMDAwMDAwMDAsInJlYWQiOjMwMDAwMDAwMDAwMCwidXBkYXRlIjoxODAwMDAwMDAwMDAwfSwic2NoZW1hX3ZlcnNpb24iOiIxIn0=",
          "dependencies": [
            "module.tf-resource-group.azurerm_resource_group.rg",
            "module.tf-state-storage.azurerm_storage_account.account"
          ]
        }
      ]
    },
    {
      "module": "module.tf-state-storage",
      "mode": "managed",
      "type": "azurerm_storage_container",
      "name": "container",
      "provider": "provider[\"registry.terraform.io/hashicorp/azurerm\"]",
      "instances": [
        {
          "schema_version": 1,
          "attributes": {
            "container_access_type": "private",
            "default_encryption_scope": "$account-encryption-key",
            "encryption_scope_override_enabled": true,
            "has_immutability_policy": false,
            "has_legal_hold": false,
            "id": "https://aksdevtfstatemf.blob.core.windows.net/tfstate",
            "metadata": {},
            "name": "tfstate",
            "resource_manager_id": "/subscriptions/182b57f6-8fc2-4580-afbc-be09a79c097c/resourceGroups/tfstate_rg/providers/Microsoft.Storage/storageAccounts/aksdevtfstatemf/blobServices/default/containers/tfstate",
            "storage_account_name": "aksdevtfstatemf",
            "timeouts": null
          },
          "sensitive_attributes": [],
          "private": "eyJlMmJmYjczMC1lY2FhLTExZTYtOGY4OC0zNDM2M2JjN2M0YzAiOnsiY3JlYXRlIjoxODAwMDAwMDAwMDAwLCJkZWxldGUiOjE4MDAwMDAwMDAwMDAsInJlYWQiOjMwMDAwMDAwMDAwMCwidXBkYXRlIjoxODAwMDAwMDAwMDAwfSwic2NoZW1hX3ZlcnNpb24iOiIxIn0=",
          "dependencies": [
            "module.tf-resource-group.azurerm_resource_group.rg",
            "module.tf-state-storage.azurerm_storage_account.account"
          ]
        }
      ]
    },
    {
      "module": "module.tfstate_role_assignment",
      "mode": "managed",
      "type": "azurerm_role_assignment",
      "name": "role",
      "provider": "provider[\"registry.terraform.io/hashicorp/azurerm\"]",
      "instances": [
        {
          "schema_version": 0,
          "attributes": {
            "condition": "",
            "condition_version": "",
            "delegated_managed_identity_resource_id": "",
            "description": "",
            "id": "/subscriptions/182b57f6-8fc2-4580-afbc-be09a79c097c/resourceGroups/tfstate_rg/providers/Microsoft.Storage/storageAccounts/aksdevtfstatemf/providers/Microsoft.Authorization/roleAssignments/e929af75-8fbf-08ec-ff75-f11037d51811",
            "name": "e929af75-8fbf-08ec-ff75-f11037d51811",
            "principal_id": "dea26ad8-b6ac-4b17-8c93-43d05a78c810",
            "principal_type": "ServicePrincipal",
            "role_definition_id": "/subscriptions/182b57f6-8fc2-4580-afbc-be09a79c097c/providers/Microsoft.Authorization/roleDefinitions/ba92f5b4-2d11-453d-a403-e96b0029c9fe",
            "role_definition_name": "Storage Blob Data Contributor",
            "scope": "/subscriptions/182b57f6-8fc2-4580-afbc-be09a79c097c/resourceGroups/tfstate_rg/providers/Microsoft.Storage/storageAccounts/aksdevtfstatemf",
            "skip_service_principal_aad_check": null,
            "timeouts": null
          },
          "sensitive_attributes": [],
          "private": "eyJlMmJmYjczMC1lY2FhLTExZTYtOGY4OC0zNDM2M2JjN2M0YzAiOnsiY3JlYXRlIjoxODAwMDAwMDAwMDAwLCJkZWxldGUiOjE4MDAwMDAwMDAwMDAsInJlYWQiOjMwMDAwMDAwMDAwMH19",
          "dependencies": [
            "module.gh_usi.azurerm_user_assigned_identity.msi",
            "module.identity-resource-group.azurerm_resource_group.rg",
            "module.tf-resource-group.azurerm_resource_group.rg",
            "module.tf-state-storage.azurerm_storage_account.account"
          ]
        }
      ]
    }
  ],
  "check_results": null
}
